// !$*UTF8*$!
{
	archiveVersion = 1;
	classes = {};
	objectVersion = 56;
	objects = {

/* Begin PBXBuildFile section */
		A10000000000000000000001 = {isa = PBXBuildFile; fileRef = A20000000000000000000001; };
		A10000000000000000000002 = {isa = PBXBuildFile; fileRef = A20000000000000000000002; };
		A10000000000000000000003 = {isa = PBXBuildFile; fileRef = A20000000000000000000003; };
		A10000000000000000000004 = {isa = PBXBuildFile; fileRef = A20000000000000000000004; };
		A10000000000000000000005 = {isa = PBXBuildFile; fileRef = A20000000000000000000005; };
		A10000000000000000000006 = {isa = PBXBuildFile; fileRef = A20000000000000000000006; };
		A10000000000000000000007 = {isa = PBXBuildFile; fileRef = A20000000000000000000007; };
		A10000000000000000000008 = {isa = PBXBuildFile; fileRef = A20000000000000000000008; };
		A10000000000000000000009 = {isa = PBXBuildFile; fileRef = A20000000000000000000009; };
		A1000000000000000000000A = {isa = PBXBuildFile; fileRef = A2000000000000000000000C; };
		A1000000000000000000000B = {isa = PBXBuildFile; fileRef = A2000000000000000000000D; };
		A1000000000000000000000C = {isa = PBXBuildFile; fileRef = A2000000000000000000000E; };
		A1000000000000000000000D = {isa = PBXBuildFile; fileRef = A2000000000000000000000F; };
		A1000000000000000000000E = {isa = PBXBuildFile; fileRef = A20000000000000000000010; };
		A1000000000000000000000F = {isa = PBXBuildFile; fileRef = A20000000000000000000011; };
		A10000000000000000000010 = {isa = PBXBuildFile; fileRef = A20000000000000000000012; };
		A10000000000000000000011 = {isa = PBXBuildFile; fileRef = A20000000000000000000013; };
/* End PBXBuildFile section */

/* Begin PBXFileReference section */
		A20000000000000000000001 = {isa = PBXFileReference; lastKnownFileType = sourcecode.swift; path = SnapsShopListApp.swift; sourceTree = "<group>"; };
		A20000000000000000000002 = {isa = PBXFileReference; lastKnownFileType = sourcecode.swift; path = Models.swift; sourceTree = "<group>"; };
		A20000000000000000000003 = {isa = PBXFileReference; lastKnownFileType = sourcecode.swift; path = AppTheme.swift; sourceTree = "<group>"; };
		A20000000000000000000004 = {isa = PBXFileReference; lastKnownFileType = sourcecode.swift; path = HomeView.swift; sourceTree = "<group>"; };
		A20000000000000000000005 = {isa = PBXFileReference; lastKnownFileType = sourcecode.swift; path = BarcodeScannerView.swift; sourceTree = "<group>"; };
		A20000000000000000000006 = {isa = PBXFileReference; lastKnownFileType = sourcecode.swift; path = ProductHistoryView.swift; sourceTree = "<group>"; };
		A20000000000000000000007 = {isa = PBXFileReference; lastKnownFileType = sourcecode.swift; path = PhotoSupport.swift; sourceTree = "<group>"; };
		A20000000000000000000008 = {isa = PBXFileReference; lastKnownFileType = sourcecode.swift; path = ProductDetailView.swift; sourceTree = "<group>"; };
		A20000000000000000000009 = {isa = PBXFileReference; lastKnownFileType = folder.assetcatalog; path = Assets.xcassets; sourceTree = "<group>"; };
		A2000000000000000000000A = {isa = PBXFileReference; lastKnownFileType = text.plist.entitlements; path = SnapsShopList.entitlements; sourceTree = "<group>"; };
		A2000000000000000000000B = {isa = PBXFileReference; explicitFileType = wrapper.application; includeInIndex = 0; path = SnapsShopList.app; sourceTree = BUILT_PRODUCTS_DIR; };
		A2000000000000000000000C = {isa = PBXFileReference; lastKnownFileType = sourcecode.swift; path = ProductEntryViews.swift; sourceTree = "<group>"; };
		A2000000000000000000000D = {isa = PBXFileReference; lastKnownFileType = sourcecode.swift; path = LocationRecorder.swift; sourceTree = "<group>"; };
		A2000000000000000000000E = {isa = PBXFileReference; lastKnownFileType = sourcecode.swift; path = ErrorLogging.swift; sourceTree = "<group>"; };
		A2000000000000000000000F = {isa = PBXFileReference; lastKnownFileType = sourcecode.swift; path = PurchaseLogic.swift; sourceTree = "<group>"; };
		A20000000000000000000010 = {isa = PBXFileReference; lastKnownFileType = sourcecode.swift; path = BackupSupport.swift; sourceTree = "<group>"; };
		A20000000000000000000011 = {isa = PBXFileReference; lastKnownFileType = sourcecode.swift; path = SettingsView.swift; sourceTree = "<group>"; };
		A20000000000000000000012 = {isa = PBXFileReference; lastKnownFileType = sourcecode.swift; path = OverseasSupport.swift; sourceTree = "<group>"; };
		A20000000000000000000013 = {isa = PBXFileReference; lastKnownFileType = sourcecode.swift; path = OverseasTextRecognizer.swift; sourceTree = "<group>"; };
/* End PBXFileReference section */

/* Begin PBXFrameworksBuildPhase section */
		A30000000000000000000001 = {isa = PBXFrameworksBuildPhase; buildActionMask = 2147483647; files = (); runOnlyForDeploymentPostprocessing = 0; };
/* End PBXFrameworksBuildPhase section */

/* Begin PBXGroup section */
		A40000000000000000000001 = {
			isa = PBXGroup;
			children = (
				A20000000000000000000001,
				A20000000000000000000002,
				A20000000000000000000003,
				A20000000000000000000004,
				A20000000000000000000005,
				A20000000000000000000006,
				A20000000000000000000007,
				A20000000000000000000008,
				A2000000000000000000000C,
				A2000000000000000000000D,
				A2000000000000000000000E,
				A2000000000000000000000F,
				A20000000000000000000010,
				A20000000000000000000011,
				A20000000000000000000012,
				A20000000000000000000013,
				A20000000000000000000009,
				A2000000000000000000000A,
				A40000000000000000000002,
			);
			sourceTree = "<group>";
		};
		A40000000000000000000002 = {isa = PBXGroup; children = (A2000000000000000000000B,); name = Products; sourceTree = "<group>"; };
/* End PBXGroup section */

/* Begin PBXNativeTarget section */
		A50000000000000000000001 = {
			isa = PBXNativeTarget;
			buildConfigurationList = A60000000000000000000002;
			buildPhases = (A70000000000000000000001, A30000000000000000000001, A70000000000000000000002,);
			buildRules = ();
			dependencies = ();
			name = SnapsShopList;
			productName = SnapsShopList;
			productReference = A2000000000000000000000B;
			productType = "com.apple.product-type.application";
		};
/* End PBXNativeTarget section */

/* Begin PBXProject section */
		A80000000000000000000001 = {
			isa = PBXProject;
			attributes = {BuildIndependentTargetsInParallel = 1; LastSwiftUpdateCheck = 2660; LastUpgradeCheck = 2660; TargetAttributes = {A50000000000000000000001 = {CreatedOnToolsVersion = 26.6; DevelopmentTeam = Y3ZLRY9835; SystemCapabilities = {com.apple.BackgroundModes = {enabled = 1;}; com.apple.iCloud = {enabled = 1;};};};};};
			buildConfigurationList = A60000000000000000000001;
			compatibilityVersion = "Xcode 14.0";
			developmentRegion = "zh-Hant";
			hasScannedForEncodings = 0;
			knownRegions = (en, Base, "zh-Hant",);
			mainGroup = A40000000000000000000001;
			productRefGroup = A40000000000000000000002;
			projectDirPath = "";
			projectRoot = "";
			targets = (A50000000000000000000001,);
		};
/* End PBXProject section */

/* Begin PBXResourcesBuildPhase section */
		A70000000000000000000002 = {isa = PBXResourcesBuildPhase; buildActionMask = 2147483647; files = (A10000000000000000000009,); runOnlyForDeploymentPostprocessing = 0; };
/* End PBXResourcesBuildPhase section */

/* Begin PBXSourcesBuildPhase section */
		A70000000000000000000001 = {isa = PBXSourcesBuildPhase; buildActionMask = 2147483647; files = (A10000000000000000000001, A10000000000000000000002, A10000000000000000000003, A10000000000000000000004, A10000000000000000000005, A10000000000000000000006, A10000000000000000000007, A10000000000000000000008, A1000000000000000000000A, A1000000000000000000000B, A1000000000000000000000C, A1000000000000000000000D, A1000000000000000000000E, A1000000000000000000000F, A10000000000000000000010, A10000000000000000000011,); runOnlyForDeploymentPostprocessing = 0; };
/* End PBXSourcesBuildPhase section */

/* Begin XCBuildConfiguration section */
		B10000000000000000000001 = {isa = XCBuildConfiguration; buildSettings = {ALWAYS_SEARCH_USER_PATHS = NO; CLANG_ENABLE_MODULES = YES; CLANG_ENABLE_OBJC_ARC = YES; DEBUG_INFORMATION_FORMAT = dwarf; ENABLE_TESTABILITY = YES; GCC_C_LANGUAGE_STANDARD = gnu17; GCC_OPTIMIZATION_LEVEL = 0; IPHONEOS_DEPLOYMENT_TARGET = 26.0; ONLY_ACTIVE_ARCH = YES; SDKROOT = iphoneos; SWIFT_ACTIVE_COMPILATION_CONDITIONS = DEBUG; SWIFT_OPTIMIZATION_LEVEL = "-Onone"; }; name = Debug; };
		B10000000000000000000002 = {isa = XCBuildConfiguration; buildSettings = {ALWAYS_SEARCH_USER_PATHS = NO; CLANG_ENABLE_MODULES = YES; CLANG_ENABLE_OBJC_ARC = YES; DEBUG_INFORMATION_FORMAT = "dwarf-with-dsym"; ENABLE_NS_ASSERTIONS = NO; GCC_C_LANGUAGE_STANDARD = gnu17; IPHONEOS_DEPLOYMENT_TARGET = 26.0; SDKROOT = iphoneos; SWIFT_COMPILATION_MODE = wholemodule; SWIFT_OPTIMIZATION_LEVEL = "-O"; VALIDATE_PRODUCT = YES; }; name = Release; };
		B20000000000000000000001 = {isa = XCBuildConfiguration; buildSettings = {ASSETCATALOG_COMPILER_APPICON_NAME = AppIcon; CODE_SIGN_STYLE = Automatic; CURRENT_PROJECT_VERSION = 41; DEVELOPMENT_TEAM = Y3ZLRY9835; ENABLE_PREVIEWS = YES; GENERATE_INFOPLIST_FILE = YES; INFOPLIST_KEY_CFBundleDisplayName = "購物記本"; INFOPLIST_KEY_NSCameraUsageDescription = "用於掃描食品條碼、近拍及拍攝商品照片。"; INFOPLIST_KEY_NSLocationWhenInUseUsageDescription = "在建立採買紀錄時保存購買地點的 GPS 座標。"; INFOPLIST_KEY_NSPhotoLibraryAddUsageDescription = "將商品照片同步保存到你的手機相簿。"; INFOPLIST_KEY_UIApplicationSceneManifest_Generation = YES; INFOPLIST_KEY_UIApplicationSupportsIndirectInputEvents = YES; INFOPLIST_KEY_UILaunchScreen_Generation = YES; INFOPLIST_KEY_UISupportedInterfaceOrientations_iPhone = UIInterfaceOrientationPortrait; IPHONEOS_DEPLOYMENT_TARGET = 26.0; MARKETING_VERSION = 0.4.1; PRODUCT_BUNDLE_IDENTIFIER = com.atex1.SnapshotBuyCheck; PRODUCT_NAME = "$(TARGET_NAME)"; SUPPORTED_PLATFORMS = "iphoneos iphonesimulator"; SUPPORTS_MACCATALYST = NO; SWIFT_EMIT_LOC_STRINGS = YES; SWIFT_VERSION = 5.0; TARGETED_DEVICE_FAMILY = 1; }; name = Debug; };
		B20000000000000000000002 = {isa = XCBuildConfiguration; buildSettings = {ASSETCATALOG_COMPILER_APPICON_NAME = AppIcon; CODE_SIGN_ENTITLEMENTS = SnapsShopList.entitlements; CODE_SIGN_STYLE = Automatic; CURRENT_PROJECT_VERSION = 41; DEVELOPMENT_TEAM = Y3ZLRY9835; ENABLE_PREVIEWS = YES; GENERATE_INFOPLIST_FILE = YES; INFOPLIST_KEY_CFBundleDisplayName = "購物記本"; INFOPLIST_KEY_NSCameraUsageDescription = "用於掃描食品條碼、近拍及拍攝商品照片。"; INFOPLIST_KEY_NSLocationWhenInUseUsageDescription = "在建立採買紀錄時保存購買地點的 GPS 座標。"; INFOPLIST_KEY_NSPhotoLibraryAddUsageDescription = "將商品照片同步保存到你的手機相簿。"; INFOPLIST_KEY_UIApplicationSceneManifest_Generation = YES; INFOPLIST_KEY_UIApplicationSupportsIndirectInputEvents = YES; INFOPLIST_KEY_UIBackgroundModes = ("remote-notification",); INFOPLIST_KEY_UILaunchScreen_Generation = YES; INFOPLIST_KEY_UISupportedInterfaceOrientations_iPhone = UIInterfaceOrientationPortrait; IPHONEOS_DEPLOYMENT_TARGET = 26.0; MARKETING_VERSION = 0.4.1; PRODUCT_BUNDLE_IDENTIFIER = com.atex1.SnapshotBuyCheck; PRODUCT_NAME = "$(TARGET_NAME)"; SUPPORTED_PLATFORMS = "iphoneos iphonesimulator"; SUPPORTS_MACCATALYST = NO; SWIFT_EMIT_LOC_STRINGS = YES; SWIFT_VERSION = 5.0; TARGETED_DEVICE_FAMILY = 1; }; name = Release; };
/* End XCBuildConfiguration section */

/* Begin XCConfigurationList section */
		A60000000000000000000001 = {isa = XCConfigurationList; buildConfigurations = (B10000000000000000000001, B10000000000000000000002,); defaultConfigurationIsVisible = 0; defaultConfigurationName = Release; };
		A60000000000000000000002 = {isa = XCConfigurationList; buildConfigurations = (B20000000000000000000001, B20000000000000000000002,); defaultConfigurationIsVisible = 0; defaultConfigurationName = Release; };
/* End XCConfigurationList section */
	};
	rootObject = A80000000000000000000001;
}
